
Microsoft Visual Studio Solution File, Format Version 12.00
# Visual Studio Version 17
VisualStudioVersion = 17.4.33110.190
MinimumVisualStudioVersion = 10.0.40219.1
Project("{FAE04EC0-301F-11D3-BF4B-00C04F79EFBC}") = "Single_Inheritance_02", "Single_Inheritance_02\Single_Inheritance_02.csproj", "{B74382E2-CBF1-4E86-A2FA-33DB56F92C83}"
EndProject
Global
	GlobalSection(SolutionConfigurationPlatforms) = preSolution
		Debug|Any CPU = Debug|Any CPU
		Release|Any CPU = Release|Any CPU
	EndGlobalSection
	GlobalSection(ProjectConfigurationPlatforms) = postSolution
		{B74382E2-CBF1-4E86-A2FA-33DB56F92C83}.Debug|Any CPU.ActiveCfg = Debug|Any CPU
		{B74382E2-CBF1-4E86-A2FA-33DB56F92C83}.Debug|Any CPU.Build.0 = Debug|Any CPU
		{B74382E2-CBF1-4E86-A2FA-33DB56F92C83}.Release|Any CPU.ActiveCfg = Release|Any CPU
		{B74382E2-CBF1-4E86-A2FA-33DB56F92C83}.Release|Any CPU.Build.0 = Release|Any CPU
	EndGlobalSection
	GlobalSection(SolutionProperties) = preSolution
		HideSolutionNode = FALSE
	EndGlobalSection
	GlobalSection(ExtensibilityGlobals) = postSolution
		SolutionGuid = {5AE82E6F-C364-4F4E-84BD-22E7F56352B6}
	EndGlobalSection
EndGlobal
