
Microsoft Visual Studio Solution File, Format Version 12.00
# Visual Studio Version 17
VisualStudioVersion = 17.4.33110.190
MinimumVisualStudioVersion = 10.0.40219.1
Project("{FAE04EC0-301F-11D3-BF4B-00C04F79EFBC}") = "Array_Exception", "Array_Exception\Array_Exception.csproj", "{385F96B9-CA20-4ACD-B35A-94FBEC6D4874}"
EndProject
Global
	GlobalSection(SolutionConfigurationPlatforms) = preSolution
		Debug|Any CPU = Debug|Any CPU
		Release|Any CPU = Release|Any CPU
	EndGlobalSection
	GlobalSection(ProjectConfigurationPlatforms) = postSolution
		{385F96B9-CA20-4ACD-B35A-94FBEC6D4874}.Debug|Any CPU.ActiveCfg = Debug|Any CPU
		{385F96B9-CA20-4ACD-B35A-94FBEC6D4874}.Debug|Any CPU.Build.0 = Debug|Any CPU
		{385F96B9-CA20-4ACD-B35A-94FBEC6D4874}.Release|Any CPU.ActiveCfg = Release|Any CPU
		{385F96B9-CA20-4ACD-B35A-94FBEC6D4874}.Release|Any CPU.Build.0 = Release|Any CPU
	EndGlobalSection
	GlobalSection(SolutionProperties) = preSolution
		HideSolutionNode = FALSE
	EndGlobalSection
	GlobalSection(ExtensibilityGlobals) = postSolution
		SolutionGuid = {05E1A389-4D41-4762-B810-566BE10DBF78}
	EndGlobalSection
EndGlobal
